
Microsoft Visual Studio Solution File, Format Version 12.00
# Visual Studio Version 16
VisualStudioVersion = 16.0.30225.117
MinimumVisualStudioVersion = 10.0.40219.1
Project("{FAE04EC0-301F-11D3-BF4B-00C04F79EFBC}") = "CoreMVC", "CoreMVC\CoreMVC.csproj", "{C8883257-2B00-44C5-93DB-AD02DB6285B2}"
EndProject
Global
	GlobalSection(SolutionConfigurationPlatforms) = preSolution
		Debug|Any CPU = Debug|Any CPU
		Release|Any CPU = Release|Any CPU
	EndGlobalSection
	GlobalSection(ProjectConfigurationPlatforms) = postSolution
		{C8883257-2B00-44C5-93DB-AD02DB6285B2}.Debug|Any CPU.ActiveCfg = Debug|Any CPU
		{C8883257-2B00-44C5-93DB-AD02DB6285B2}.Debug|Any CPU.Build.0 = Debug|Any CPU
		{C8883257-2B00-44C5-93DB-AD02DB6285B2}.Release|Any CPU.ActiveCfg = Release|Any CPU
		{C8883257-2B00-44C5-93DB-AD02DB6285B2}.Release|Any CPU.Build.0 = Release|Any CPU
	EndGlobalSection
	GlobalSection(SolutionProperties) = preSolution
		HideSolutionNode = FALSE
	EndGlobalSection
	GlobalSection(ExtensibilityGlobals) = postSolution
		SolutionGuid = {E0294499-365D-4C47-A004-883B052F249C}
	EndGlobalSection
EndGlobal
